
Microsoft Visual Studio Solution File, Format Version 12.00
# Visual Studio Version 17
VisualStudioVersion = 17.5.33516.290
MinimumVisualStudioVersion = 10.0.40219.1
Project("{9A19103F-16F7-4668-BE54-9A1E7A4F7556}") = "SelfServicePortal.Specs", "SelfServicePortal.Specs.csproj", "{A69DB08A-B89A-4644-B501-3A8A2C890064}"
EndProject
Project("{2150E333-8FDC-42A3-9474-1A3956D46DE8}") = "Elementy rozwiązania", "Elementy rozwiązania", "{06010C0F-A21B-42F3-BF82-44CCE153733C}"
	ProjectSection(SolutionItems) = preProject
		App.config = App.config
		README.md = README.md
	EndProjectSection
EndProject
Global
	GlobalSection(SolutionConfigurationPlatforms) = preSolution
		Debug|Any CPU = Debug|Any CPU
		Release|Any CPU = Release|Any CPU
	EndGlobalSection
	GlobalSection(ProjectConfigurationPlatforms) = postSolution
		{A69DB08A-B89A-4644-B501-3A8A2C890064}.Debug|Any CPU.ActiveCfg = Debug|Any CPU
		{A69DB08A-B89A-4644-B501-3A8A2C890064}.Debug|Any CPU.Build.0 = Debug|Any CPU
		{A69DB08A-B89A-4644-B501-3A8A2C890064}.Release|Any CPU.ActiveCfg = Release|Any CPU
		{A69DB08A-B89A-4644-B501-3A8A2C890064}.Release|Any CPU.Build.0 = Release|Any CPU
	EndGlobalSection
	GlobalSection(SolutionProperties) = preSolution
		HideSolutionNode = FALSE
	EndGlobalSection
	GlobalSection(ExtensibilityGlobals) = postSolution
		SolutionGuid = {F7E0D00F-4D86-4710-B530-B70F83217951}
	EndGlobalSection
EndGlobal
